// !$*UTF8*$!
{
	archiveVersion = 1;
	classes = {
	};
	objectVersion = 51;
	objects = {

/* Begin PBXBuildFile section */
		439A04472535056D00A94A4A /* AppDelegate.swift in Sources */ = {isa = PBXBuildFile; fileRef = 439A04462535056D00A94A4A /* AppDelegate.swift */; };
		439A04492535056D00A94A4A /* SceneDelegate.swift in Sources */ = {isa = PBXBuildFile; fileRef = 439A04482535056D00A94A4A /* SceneDelegate.swift */; };
		439A044E2535056D00A94A4A /* Main.storyboard in Resources */ = {isa = PBXBuildFile; fileRef = 439A044C2535056D00A94A4A /* Main.storyboard */; };
		439A04502535057400A94A4A /* Assets.xcassets in Resources */ = {isa = PBXBuildFile; fileRef = 439A044F2535057400A94A4A /* Assets.xcassets */; };
		439A04532535057400A94A4A /* LaunchScreen.storyboard in Resources */ = {isa = PBXBuildFile; fileRef = 439A04512535057400A94A4A /* LaunchScreen.storyboard */; };
		439A045E2535057500A94A4A /* ParstagramTests.swift in Sources */ = {isa = PBXBuildFile; fileRef = 439A045D2535057500A94A4A /* ParstagramTests.swift */; };
		439A04692535057500A94A4A /* ParstagramUITests.swift in Sources */ = {isa = PBXBuildFile; fileRef = 439A04682535057500A94A4A /* ParstagramUITests.swift */; };
		439A04772535111800A94A4A /* LoginViewController.swift in Sources */ = {isa = PBXBuildFile; fileRef = 439A04762535111800A94A4A /* LoginViewController.swift */; };
		439A04792535112A00A94A4A /* FeedViewController.swift in Sources */ = {isa = PBXBuildFile; fileRef = 439A04782535112A00A94A4A /* FeedViewController.swift */; };
		439A047B25351C9900A94A4A /* CameraViewController.swift in Sources */ = {isa = PBXBuildFile; fileRef = 439A047A25351C9900A94A4A /* CameraViewController.swift */; };
		439A047D2535282A00A94A4A /* PostCell.swift in Sources */ = {isa = PBXBuildFile; fileRef = 439A047C2535282A00A94A4A /* PostCell.swift */; };
		439A047F253538EC00A94A4A /* CommentCell.swift in Sources */ = {isa = PBXBuildFile; fileRef = 439A047E253538EB00A94A4A /* CommentCell.swift */; };
		911BAC4089CBE47B96BA66A0 /* Pods_Parstagram.framework in Frameworks */ = {isa = PBXBuildFile; fileRef = 9552EB054AC20359853623C3 /* Pods_Parstagram.framework */; };
		9AB26F7A5CDAD6960BB9B23A /* Pods_Parstagram_ParstagramUITests.framework in Frameworks */ = {isa = PBXBuildFile; fileRef = CD77E04D088B316BA8BA4E7F /* Pods_Parstagram_ParstagramUITests.framework */; };
		AC215DFADBFDEF5B2A36AF35 /* Pods_ParstagramTests.framework in Frameworks */ = {isa = PBXBuildFile; fileRef = 584EAD9577C696F9CA455488 /* Pods_ParstagramTests.framework */; };
/* End PBXBuildFile section */

/* Begin PBXContainerItemProxy section */
		439A045A2535057500A94A4A /* PBXContainerItemProxy */ = {
			isa = PBXContainerItemProxy;
			containerPortal = 439A043B2535056D00A94A4A /* Project object */;
			proxyType = 1;
			remoteGlobalIDString = 439A04422535056D00A94A4A;
			remoteInfo = Parstagram;
		};
		439A04652535057500A94A4A /* PBXContainerItemProxy */ = {
			isa = PBXContainerItemProxy;
			containerPortal = 439A043B2535056D00A94A4A /* Project object */;
			proxyType = 1;
			remoteGlobalIDString = 439A04422535056D00A94A4A;
			remoteInfo = Parstagram;
		};
/* End PBXContainerItemProxy section */

/* Begin PBXFileReference section */
		3CACBF8B95EFF7A1ED258BE3 /* Pods-Parstagram-ParstagramUITests.release.xcconfig */ = {isa = PBXFileReference; includeInIndex = 1; lastKnownFileType = text.xcconfig; name = "Pods-Parstagram-ParstagramUITests.release.xcconfig"; path = "Target Support Files/Pods-Parstagram-ParstagramUITests/Pods-Parstagram-ParstagramUITests.release.xcconfig"; sourceTree = "<group>"; };
		439A04432535056D00A94A4A /* Parstagram.app */ = {isa = PBXFileReference; explicitFileType = wrapper.application; includeInIndex = 0; path = Parstagram.app; sourceTree = BUILT_PRODUCTS_DIR; };
		439A04462535056D00A94A4A /* AppDelegate.swift */ = {isa = PBXFileReference; lastKnownFileType = sourcecode.swift; path = AppDelegate.swift; sourceTree = "<group>"; };
		439A04482535056D00A94A4A /* SceneDelegate.swift */ = {isa = PBXFileReference; lastKnownFileType = sourcecode.swift; path = SceneDelegate.swift; sourceTree = "<group>"; };
		439A044D2535056D00A94A4A /* Base */ = {isa = PBXFileReference; lastKnownFileType = file.storyboard; name = Base; path = Base.lproj/Main.storyboard; sourceTree = "<group>"; };
		439A044F2535057400A94A4A /* Assets.xcassets */ = {isa = PBXFileReference; lastKnownFileType = folder.assetcatalog; path = Assets.xcassets; sourceTree = "<group>"; };
		439A04522535057400A94A4A /* Base */ = {isa = PBXFileReference; lastKnownFileType = file.storyboard; name = Base; path = Base.lproj/LaunchScreen.storyboard; sourceTree = "<group>"; };
		439A04542535057400A94A4A /* Info.plist */ = {isa = PBXFileReference; lastKnownFileType = text.plist.xml; path = Info.plist; sourceTree = "<group>"; };
		439A04592535057400A94A4A /* ParstagramTests.xctest */ = {isa = PBXFileReference; explicitFileType = wrapper.cfbundle; includeInIndex = 0; path = ParstagramTests.xctest; sourceTree = BUILT_PRODUCTS_DIR; };
		439A045D2535057500A94A4A /* ParstagramTests.swift */ = {isa = PBXFileReference; lastKnownFileType = sourcecode.swift; path = ParstagramTests.swift; sourceTree = "<group>"; };
		439A045F2535057500A94A4A /* Info.plist */ = {isa = PBXFileReference; lastKnownFileType = text.plist.xml; path = Info.plist; sourceTree = "<group>"; };
		439A04642535057500A94A4A /* ParstagramUITests.xctest */ = {isa = PBXFileReference; explicitFileType = wrapper.cfbundle; includeInIndex = 0; path = ParstagramUITests.xctest; sourceTree = BUILT_PRODUCTS_DIR; };
		439A04682535057500A94A4A /* ParstagramUITests.swift */ = {isa = PBXFileReference; lastKnownFileType = sourcecode.swift; path = ParstagramUITests.swift; sourceTree = "<group>"; };
		439A046A2535057500A94A4A /* Info.plist */ = {isa = PBXFileReference; lastKnownFileType = text.plist.xml; path = Info.plist; sourceTree = "<group>"; };
		439A04762535111800A94A4A /* LoginViewController.swift */ = {isa = PBXFileReference; lastKnownFileType = sourcecode.swift; path = LoginViewController.swift; sourceTree = "<group>"; };
		439A04782535112A00A94A4A /* FeedViewController.swift */ = {isa = PBXFileReference; lastKnownFileType = sourcecode.swift; path = FeedViewController.swift; sourceTree = "<group>"; };
		439A047A25351C9900A94A4A /* CameraViewController.swift */ = {isa = PBXFileReference; lastKnownFileType = sourcecode.swift; path = CameraViewController.swift; sourceTree = "<group>"; };
		439A047C2535282A00A94A4A /* PostCell.swift */ = {isa = PBXFileReference; lastKnownFileType = sourcecode.swift; path = PostCell.swift; sourceTree = "<group>"; };
		439A047E253538EB00A94A4A /* CommentCell.swift */ = {isa = PBXFileReference; lastKnownFileType = sourcecode.swift; path = CommentCell.swift; sourceTree = "<group>"; };
		584EAD9577C696F9CA455488 /* Pods_ParstagramTests.framework */ = {isa = PBXFileReference; explicitFileType = wrapper.framework; includeInIndex = 0; path = Pods_ParstagramTests.framework; sourceTree = BUILT_PRODUCTS_DIR; };
		6250CD8617C9580365B14136 /* Pods-Parstagram.release.xcconfig */ = {isa = PBXFileReference; includeInIndex = 1; lastKnownFileType = text.xcconfig; name = "Pods-Parstagram.release.xcconfig"; path = "Target Support Files/Pods-Parstagram/Pods-Parstagram.release.xcconfig"; sourceTree = "<group>"; };
		6DE41BE6735AB3821F1D7AF1 /* Pods-ParstagramTests.release.xcconfig */ = {isa = PBXFileReference; includeInIndex = 1; lastKnownFileType = text.xcconfig; name = "Pods-ParstagramTests.release.xcconfig"; path = "Target Support Files/Pods-ParstagramTests/Pods-ParstagramTests.release.xcconfig"; sourceTree = "<group>"; };
		9552EB054AC20359853623C3 /* Pods_Parstagram.framework */ = {isa = PBXFileReference; explicitFileType = wrapper.framework; includeInIndex = 0; path = Pods_Parstagram.framework; sourceTree = BUILT_PRODUCTS_DIR; };
		A31BE2C4A09769316993F5EC /* Pods-Parstagram.debug.xcconfig */ = {isa = PBXFileReference; includeInIndex = 1; lastKnownFileType = text.xcconfig; name = "Pods-Parstagram.debug.xcconfig"; path = "Target Support Files/Pods-Parstagram/Pods-Parstagram.debug.xcconfig"; sourceTree = "<group>"; };
		A3FB79ABB56B2E3B564E043C /* Pods-ParstagramTests.debug.xcconfig */ = {isa = PBXFileReference; includeInIndex = 1; lastKnownFileType = text.xcconfig; name = "Pods-ParstagramTests.debug.xcconfig"; path = "Target Support Files/Pods-ParstagramTests/Pods-ParstagramTests.debug.xcconfig"; sourceTree = "<group>"; };
		CD77E04D088B316BA8BA4E7F /* Pods_Parstagram_ParstagramUITests.framework */ = {isa = PBXFileReference; explicitFileType = wrapper.framework; includeInIndex = 0; path = Pods_Parstagram_ParstagramUITests.framework; sourceTree = BUILT_PRODUCTS_DIR; };
		D94FBF182DCCB35C7B7F1098 /* Pods-Parstagram-ParstagramUITests.debug.xcconfig */ = {isa = PBXFileReference; includeInIndex = 1; lastKnownFileType = text.xcconfig; name = "Pods-Parstagram-ParstagramUITests.debug.xcconfig"; path = "Target Support Files/Pods-Parstagram-ParstagramUITests/Pods-Parstagram-ParstagramUITests.debug.xcconfig"; sourceTree = "<group>"; };
/* End PBXFileReference section */

/* Begin PBXFrameworksBuildPhase section */
		439A04402535056D00A94A4A /* Frameworks */ = {
			isa = PBXFrameworksBuildPhase;
			buildActionMask = 2147483647;
			files = (
				911BAC4089CBE47B96BA66A0 /* Pods_Parstagram.framework in Frameworks */,
			);
			runOnlyForDeploymentPostprocessing = 0;
		};
		439A04562535057400A94A4A /* Frameworks */ = {
			isa = PBXFrameworksBuildPhase;
			buildActionMask = 2147483647;
			files = (
				AC215DFADBFDEF5B2A36AF35 /* Pods_ParstagramTests.framework in Frameworks */,
			);
			runOnlyForDeploymentPostprocessing = 0;
		};
		439A04612535057500A94A4A /* Frameworks */ = {
			isa = PBXFrameworksBuildPhase;
			buildActionMask = 2147483647;
			files = (
				9AB26F7A5CDAD6960BB9B23A /* Pods_Parstagram_ParstagramUITests.framework in Frameworks */,
			);
			runOnlyForDeploymentPostprocessing = 0;
		};
/* End PBXFrameworksBuildPhase section */

/* Begin PBXGroup section */
		439A043A2535056D00A94A4A = {
			isa = PBXGroup;
			children = (
				439A04452535056D00A94A4A /* Parstagram */,
				439A045C2535057500A94A4A /* ParstagramTests */,
				439A04672535057500A94A4A /* ParstagramUITests */,
				439A04442535056D00A94A4A /* Products */,
				52A7657303D684ED6047AAA0 /* Pods */,
				B74B70C8F216E23117ABC565 /* Frameworks */,
			);
			sourceTree = "<group>";
		};
		439A04442535056D00A94A4A /* Products */ = {
			isa = PBXGroup;
			children = (
				439A04432535056D00A94A4A /* Parstagram.app */,
				439A04592535057400A94A4A /* ParstagramTests.xctest */,
				439A04642535057500A94A4A /* ParstagramUITests.xctest */,
			);
			name = Products;
			sourceTree = "<group>";
		};
		439A04452535056D00A94A4A /* Parstagram */ = {
			isa = PBXGroup;
			children = (
				439A04462535056D00A94A4A /* AppDelegate.swift */,
				439A04482535056D00A94A4A /* SceneDelegate.swift */,
				439A044C2535056D00A94A4A /* Main.storyboard */,
				439A047E253538EB00A94A4A /* CommentCell.swift */,
				439A047C2535282A00A94A4A /* PostCell.swift */,
				439A047A25351C9900A94A4A /* CameraViewController.swift */,
				439A04762535111800A94A4A /* LoginViewController.swift */,
				439A04782535112A00A94A4A /* FeedViewController.swift */,
				439A044F2535057400A94A4A /* Assets.xcassets */,
				439A04512535057400A94A4A /* LaunchScreen.storyboard */,
				439A04542535057400A94A4A /* Info.plist */,
			);
			path = Parstagram;
			sourceTree = "<group>";
		};
		439A045C2535057500A94A4A /* ParstagramTests */ = {
			isa = PBXGroup;
			children = (
				439A045D2535057500A94A4A /* ParstagramTests.swift */,
				439A045F2535057500A94A4A /* Info.plist */,
			);
			path = ParstagramTests;
			sourceTree = "<group>";
		};
		439A04672535057500A94A4A /* ParstagramUITests */ = {
			isa = PBXGroup;
			children = (
				439A04682535057500A94A4A /* ParstagramUITests.swift */,
				439A046A2535057500A94A4A /* Info.plist */,
			);
			path = ParstagramUITests;
			sourceTree = "<group>";
		};
		52A7657303D684ED6047AAA0 /* Pods */ = {
			isa = PBXGroup;
			children = (
				A31BE2C4A09769316993F5EC /* Pods-Parstagram.debug.xcconfig */,
				6250CD8617C9580365B14136 /* Pods-Parstagram.release.xcconfig */,
				D94FBF182DCCB35C7B7F1098 /* Pods-Parstagram-ParstagramUITests.debug.xcconfig */,
				3CACBF8B95EFF7A1ED258BE3 /* Pods-Parstagram-ParstagramUITests.release.xcconfig */,
				A3FB79ABB56B2E3B564E043C /* Pods-ParstagramTests.debug.xcconfig */,
				6DE41BE6735AB3821F1D7AF1 /* Pods-ParstagramTests.release.xcconfig */,
			);
			path = Pods;
			sourceTree = "<group>";
		};
		B74B70C8F216E23117ABC565 /* Frameworks */ = {
			isa = PBXGroup;
			children = (
				9552EB054AC20359853623C3 /* Pods_Parstagram.framework */,
				CD77E04D088B316BA8BA4E7F /* Pods_Parstagram_ParstagramUITests.framework */,
				584EAD9577C696F9CA455488 /* Pods_ParstagramTests.framework */,
			);
			name = Frameworks;
			sourceTree = "<group>";
		};
/* End PBXGroup section */

/* Begin PBXNativeTarget section */
		439A04422535056D00A94A4A /* Parstagram */ = {
			isa = PBXNativeTarget;
			buildConfigurationList = 439A046D2535057500A94A4A /* Build configuration list for PBXNativeTarget "Parstagram" */;
			buildPhases = (
				B15B839D8244664CF70F4B2E /* [CP] Check Pods Manifest.lock */,
				439A043F2535056D00A94A4A /* Sources */,
				439A04402535056D00A94A4A /* Frameworks */,
				439A04412535056D00A94A4A /* Resources */,
				C5B5735D8A8BAC7438588220 /* [CP] Embed Pods Frameworks */,
			);
			buildRules = (
			);
			dependencies = (
			);
			name = Parstagram;
			productName = Parstagram;
			productReference = 439A04432535056D00A94A4A /* Parstagram.app */;
			productType = "com.apple.product-type.application";
		};
		439A04582535057400A94A4A /* ParstagramTests */ = {
			isa = PBXNativeTarget;
			buildConfigurationList = 439A04702535057500A94A4A /* Build configuration list for PBXNativeTarget "ParstagramTests" */;
			buildPhases = (
				6F0555798CA494CFBFBA46B9 /* [CP] Check Pods Manifest.lock */,
				439A04552535057400A94A4A /* Sources */,
				439A04562535057400A94A4A /* Frameworks */,
				439A04572535057400A94A4A /* Resources */,
			);
			buildRules = (
			);
			dependencies = (
				439A045B2535057500A94A4A /* PBXTargetDependency */,
			);
			name = ParstagramTests;
			productName = ParstagramTests;
			productReference = 439A04592535057400A94A4A /* ParstagramTests.xctest */;
			productType = "com.apple.product-type.bundle.unit-test";
		};
		439A04632535057500A94A4A /* ParstagramUITests */ = {
			isa = PBXNativeTarget;
			buildConfigurationList = 439A04732535057500A94A4A /* Build configuration list for PBXNativeTarget "ParstagramUITests" */;
			buildPhases = (
				34C563B7BAC89910BF739338 /* [CP] Check Pods Manifest.lock */,
				439A04602535057500A94A4A /* Sources */,
				439A04612535057500A94A4A /* Frameworks */,
				439A04622535057500A94A4A /* Resources */,
				B2CB4E4D95A402C2D157DC6B /* [CP] Embed Pods Frameworks */,
			);
			buildRules = (
			);
			dependencies = (
				439A04662535057500A94A4A /* PBXTargetDependency */,
			);
			name = ParstagramUITests;
			productName = ParstagramUITests;
			productReference = 439A04642535057500A94A4A /* ParstagramUITests.xctest */;
			productType = "com.apple.product-type.bundle.ui-testing";
		};
/* End PBXNativeTarget section */

/* Begin PBXProject section */
		439A043B2535056D00A94A4A /* Project object */ = {
			isa = PBXProject;
			attributes = {
				LastSwiftUpdateCheck = 1160;
				LastUpgradeCheck = 1160;
				ORGANIZATIONNAME = "Nathaniel Leonard";
				TargetAttributes = {
					439A04422535056D00A94A4A = {
						CreatedOnToolsVersion = 11.6;
					};
					439A04582535057400A94A4A = {
						CreatedOnToolsVersion = 11.6;
						TestTargetID = 439A04422535056D00A94A4A;
					};
					439A04632535057500A94A4A = {
						CreatedOnToolsVersion = 11.6;
						TestTargetID = 439A04422535056D00A94A4A;
					};
				};
			};
			buildConfigurationList = 439A043E2535056D00A94A4A /* Build configuration list for PBXProject "Parstagram" */;
			compatibilityVersion = "Xcode 9.3";
			developmentRegion = en;
			hasScannedForEncodings = 0;
			knownRegions = (
				en,
				Base,
			);
			mainGroup = 439A043A2535056D00A94A4A;
			productRefGroup = 439A04442535056D00A94A4A /* Products */;
			projectDirPath = "";
			projectRoot = "";
			targets = (
				439A04422535056D00A94A4A /* Parstagram */,
				439A04582535057400A94A4A /* ParstagramTests */,
				439A04632535057500A94A4A /* ParstagramUITests */,
			);
		};
/* End PBXProject section */

/* Begin PBXResourcesBuildPhase section */
		439A04412535056D00A94A4A /* Resources */ = {
			isa = PBXResourcesBuildPhase;
			buildActionMask = 2147483647;
			files = (
				439A04532535057400A94A4A /* LaunchScreen.storyboard in Resources */,
				439A04502535057400A94A4A /* Assets.xcassets in Resources */,
				439A044E2535056D00A94A4A /* Main.storyboard in Resources */,
			);
			runOnlyForDeploymentPostprocessing = 0;
		};
		439A04572535057400A94A4A /* Resources */ = {
			isa = PBXResourcesBuildPhase;
			buildActionMask = 2147483647;
			files = (
			);
			runOnlyForDeploymentPostprocessing = 0;
		};
		439A04622535057500A94A4A /* Resources */ = {
			isa = PBXResourcesBuildPhase;
			buildActionMask = 2147483647;
			files = (
			);
			runOnlyForDeploymentPostprocessing = 0;
		};
/* End PBXResourcesBuildPhase section */

/* Begin PBXShellScriptBuildPhase section */
		34C563B7BAC89910BF739338 /* [CP] Check Pods Manifest.lock */ = {
			isa = PBXShellScriptBuildPhase;
			buildActionMask = 2147483647;
			files = (
			);
			inputFileListPaths = (
			);
			inputPaths = (
				"${PODS_PODFILE_DIR_PATH}/Podfile.lock",
				"${PODS_ROOT}/Manifest.lock",
			);
			name = "[CP] Check Pods Manifest.lock";
			outputFileListPaths = (
			);
			outputPaths = (
				"$(DERIVED_FILE_DIR)/Pods-Parstagram-ParstagramUITests-checkManifestLockResult.txt",
			);
			runOnlyForDeploymentPostprocessing = 0;
			shellPath = /bin/sh;
			shellScript = "diff \"${PODS_PODFILE_DIR_PATH}/Podfile.lock\" \"${PODS_ROOT}/Manifest.lock\" > /dev/null\nif [ $? != 0 ] ; then\n    # print error to STDERR\n    echo \"error: The sandbox is not in sync with the Podfile.lock. Run 'pod install' or update your CocoaPods installation.\" >&2\n    exit 1\nfi\n# This output is used by Xcode 'outputs' to avoid re-running this script phase.\necho \"SUCCESS\" > \"${SCRIPT_OUTPUT_FILE_0}\"\n";
			showEnvVarsInLog = 0;
		};
		6F0555798CA494CFBFBA46B9 /* [CP] Check Pods Manifest.lock */ = {
			isa = PBXShellScriptBuildPhase;
			buildActionMask = 2147483647;
			files = (
			);
			inputFileListPaths = (
			);
			inputPaths = (
				"${PODS_PODFILE_DIR_PATH}/Podfile.lock",
				"${PODS_ROOT}/Manifest.lock",
			);
			name = "[CP] Check Pods Manifest.lock";
			outputFileListPaths = (
			);
			outputPaths = (
				"$(DERIVED_FILE_DIR)/Pods-ParstagramTests-checkManifestLockResult.txt",
			);
			runOnlyForDeploymentPostprocessing = 0;
			shellPath = /bin/sh;
			shellScript = "diff \"${PODS_PODFILE_DIR_PATH}/Podfile.lock\" \"${PODS_ROOT}/Manifest.lock\" > /dev/null\nif [ $? != 0 ] ; then\n    # print error to STDERR\n    echo \"error: The sandbox is not in sync with the Podfile.lock. Run 'pod install' or update your CocoaPods installation.\" >&2\n    exit 1\nfi\n# This output is used by Xcode 'outputs' to avoid re-running this script phase.\necho \"SUCCESS\" > \"${SCRIPT_OUTPUT_FILE_0}\"\n";
			showEnvVarsInLog = 0;
		};
		B15B839D8244664CF70F4B2E /* [CP] Check Pods Manifest.lock */ = {
			isa = PBXShellScriptBuildPhase;
			buildActionMask = 2147483647;
			files = (
			);
			inputFileListPaths = (
			);
			inputPaths = (
				"${PODS_PODFILE_DIR_PATH}/Podfile.lock",
				"${PODS_ROOT}/Manifest.lock",
			);
			name = "[CP] Check Pods Manifest.lock";
			outputFileListPaths = (
			);
			outputPaths = (
				"$(DERIVED_FILE_DIR)/Pods-Parstagram-checkManifestLockResult.txt",
			);
			runOnlyForDeploymentPostprocessing = 0;
			shellPath = /bin/sh;
			shellScript = "diff \"${PODS_PODFILE_DIR_PATH}/Podfile.lock\" \"${PODS_ROOT}/Manifest.lock\" > /dev/null\nif [ $? != 0 ] ; then\n    # print error to STDERR\n    echo \"error: The sandbox is not in sync with the Podfile.lock. Run 'pod install' or update your CocoaPods installation.\" >&2\n    exit 1\nfi\n# This output is used by Xcode 'outputs' to avoid re-running this script phase.\necho \"SUCCESS\" > \"${SCRIPT_OUTPUT_FILE_0}\"\n";
			showEnvVarsInLog = 0;
		};
		B2CB4E4D95A402C2D157DC6B /* [CP] Embed Pods Frameworks */ = {
			isa = PBXShellScriptBuildPhase;
			buildActionMask = 2147483647;
			files = (
			);
			inputFileListPaths = (
				"${PODS_ROOT}/Target Support Files/Pods-Parstagram-ParstagramUITests/Pods-Parstagram-ParstagramUITests-frameworks-${CONFIGURATION}-input-files.xcfilelist",
			);
			name = "[CP] Embed Pods Frameworks";
			outputFileListPaths = (
				"${PODS_ROOT}/Target Support Files/Pods-Parstagram-ParstagramUITests/Pods-Parstagram-ParstagramUITests-frameworks-${CONFIGURATION}-output-files.xcfilelist",
			);
			runOnlyForDeploymentPostprocessing = 0;
			shellPath = /bin/sh;
			shellScript = "\"${PODS_ROOT}/Target Support Files/Pods-Parstagram-ParstagramUITests/Pods-Parstagram-ParstagramUITests-frameworks.sh\"\n";
			showEnvVarsInLog = 0;
		};
		C5B5735D8A8BAC7438588220 /* [CP] Embed Pods Frameworks */ = {
			isa = PBXShellScriptBuildPhase;
			buildActionMask = 2147483647;
			files = (
			);
			inputFileListPaths = (
				"${PODS_ROOT}/Target Support Files/Pods-Parstagram/Pods-Parstagram-frameworks-${CONFIGURATION}-input-files.xcfilelist",
			);
			name = "[CP] Embed Pods Frameworks";
			outputFileListPaths = (
				"${PODS_ROOT}/Target Support Files/Pods-Parstagram/Pods-Parstagram-frameworks-${CONFIGURATION}-output-files.xcfilelist",
			);
			runOnlyForDeploymentPostprocessing = 0;
			shellPath = /bin/sh;
			shellScript = "\"${PODS_ROOT}/Target Support Files/Pods-Parstagram/Pods-Parstagram-frameworks.sh\"\n";
			showEnvVarsInLog = 0;
		};
/* End PBXShellScriptBuildPhase section */

/* Begin PBXSourcesBuildPhase section */
		439A043F2535056D00A94A4A /* Sources */ = {
			isa = PBXSourcesBuildPhase;
			buildActionMask = 2147483647;
			files = (
				439A04772535111800A94A4A /* LoginViewController.swift in Sources */,
				439A047B25351C9900A94A4A /* CameraViewController.swift in Sources */,
				439A04472535056D00A94A4A /* AppDelegate.swift in Sources */,
				439A04792535112A00A94A4A /* FeedViewController.swift in Sources */,
				439A04492535056D00A94A4A /* SceneDelegate.swift in Sources */,
				439A047D2535282A00A94A4A /* PostCell.swift in Sources */,
				439A047F253538EC00A94A4A /* CommentCell.swift in Sources */,
			);
			runOnlyForDeploymentPostprocessing = 0;
		};
		439A04552535057400A94A4A /* Sources */ = {
			isa = PBXSourcesBuildPhase;
			buildActionMask = 2147483647;
			files = (
				439A045E2535057500A94A4A /* ParstagramTests.swift in Sources */,
			);
			runOnlyForDeploymentPostprocessing = 0;
		};
		439A04602535057500A94A4A /* Sources */ = {
			isa = PBXSourcesBuildPhase;
			buildActionMask = 2147483647;
			files = (
				439A04692535057500A94A4A /* ParstagramUITests.swift in Sources */,
			);
			runOnlyForDeploymentPostprocessing = 0;
		};
/* End PBXSourcesBuildPhase section */

/* Begin PBXTargetDependency section */
		439A045B2535057500A94A4A /* PBXTargetDependency */ = {
			isa = PBXTargetDependency;
			target = 439A04422535056D00A94A4A /* Parstagram */;
			targetProxy = 439A045A2535057500A94A4A /* PBXContainerItemProxy */;
		};
		439A04662535057500A94A4A /* PBXTargetDependency */ = {
			isa = PBXTargetDependency;
			target = 439A04422535056D00A94A4A /* Parstagram */;
			targetProxy = 439A04652535057500A94A4A /* PBXContainerItemProxy */;
		};
/* End PBXTargetDependency section */

/* Begin PBXVariantGroup section */
		439A044C2535056D00A94A4A /* Main.storyboard */ = {
			isa = PBXVariantGroup;
			children = (
				439A044D2535056D00A94A4A /* Base */,
			);
			name = Main.storyboard;
			sourceTree = "<group>";
		};
		439A04512535057400A94A4A /* LaunchScreen.storyboard */ = {
			isa = PBXVariantGroup;
			children = (
				439A04522535057400A94A4A /* Base */,
			);
			name = LaunchScreen.storyboard;
			sourceTree = "<group>";
		};
/* End PBXVariantGroup section */

/* Begin XCBuildConfiguration section */
		439A046B2535057500A94A4A /* Debug */ = {
			isa = XCBuildConfiguration;
			buildSettings = {
				ALWAYS_SEARCH_USER_PATHS = NO;
				CLANG_ANALYZER_NONNULL = YES;
				CLANG_ANALYZER_NUMBER_OBJECT_CONVERSION = YES_AGGRESSIVE;
				CLANG_CXX_LANGUAGE_STANDARD = "gnu++14";
				CLANG_CXX_LIBRARY = "libc++";
				CLANG_ENABLE_MODULES = YES;
				CLANG_ENABLE_OBJC_ARC = YES;
				CLANG_ENABLE_OBJC_WEAK = YES;
				CLANG_WARN_BLOCK_CAPTURE_AUTORELEASING = YES;
				CLANG_WARN_BOOL_CONVERSION = YES;
				CLANG_WARN_COMMA = YES;
				CLANG_WARN_CONSTANT_CONVERSION = YES;
				CLANG_WARN_DEPRECATED_OBJC_IMPLEMENTATIONS = YES;
				CLANG_WARN_DIRECT_OBJC_ISA_USAGE = YES_ERROR;
				CLANG_WARN_DOCUMENTATION_COMMENTS = YES;
				CLANG_WARN_EMPTY_BODY = YES;
				CLANG_WARN_ENUM_CONVERSION = YES;
				CLANG_WARN_INFINITE_RECURSION = YES;
				CLANG_WARN_INT_CONVERSION = YES;
				CLANG_WARN_NON_LITERAL_NULL_CONVERSION = YES;
				CLANG_WARN_OBJC_IMPLICIT_RETAIN_SELF = YES;
				CLANG_WARN_OBJC_LITERAL_CONVERSION = YES;
				CLANG_WARN_OBJC_ROOT_CLASS = YES_ERROR;
				CLANG_WARN_RANGE_LOOP_ANALYSIS = YES;
				CLANG_WARN_STRICT_PROTOTYPES = YES;
				CLANG_WARN_SUSPICIOUS_MOVE = YES;
				CLANG_WARN_UNGUARDED_AVAILABILITY = YES_AGGRESSIVE;
				CLANG_WARN_UNREACHABLE_CODE = YES;
				CLANG_WARN__DUPLICATE_METHOD_MATCH = YES;
				COPY_PHASE_STRIP = NO;
				DEBUG_INFORMATION_FORMAT = dwarf;
				ENABLE_STRICT_OBJC_MSGSEND = YES;
				ENABLE_TESTABILITY = YES;
				GCC_C_LANGUAGE_STANDARD = gnu11;
				GCC_DYNAMIC_NO_PIC = NO;
				GCC_NO_COMMON_BLOCKS = YES;
				GCC_OPTIMIZATION_LEVEL = 0;
				GCC_PREPROCESSOR_DEFINITIONS = (
					"DEBUG=1",
					"$(inherited)",
				);
				GCC_WARN_64_TO_32_BIT_CONVERSION = YES;
				GCC_WARN_ABOUT_RETURN_TYPE = YES_ERROR;
				GCC_WARN_UNDECLARED_SELECTOR = YES;
				GCC_WARN_UNINITIALIZED_AUTOS = YES_AGGRESSIVE;
				GCC_WARN_UNUSED_FUNCTION = YES;
				GCC_WARN_UNUSED_VARIABLE = YES;
				IPHONEOS_DEPLOYMENT_TARGET = 13.6;
				MTL_ENABLE_DEBUG_INFO = INCLUDE_SOURCE;
				MTL_FAST_MATH = YES;
				ONLY_ACTIVE_ARCH = YES;
				SDKROOT = iphoneos;
				SWIFT_ACTIVE_COMPILATION_CONDITIONS = DEBUG;
				SWIFT_OPTIMIZATION_LEVEL = "-Onone";
			};
			name = Debug;
		};
		439A046C2535057500A94A4A /* Release */ = {
			isa = XCBuildConfiguration;
			buildSettings = {
				ALWAYS_SEARCH_USER_PATHS = NO;
				CLANG_ANALYZER_NONNULL = YES;
				CLANG_ANALYZER_NUMBER_OBJECT_CONVERSION = YES_AGGRESSIVE;
				CLANG_CXX_LANGUAGE_STANDARD = "gnu++14";
				CLANG_CXX_LIBRARY = "libc++";
				CLANG_ENABLE_MODULES = YES;
				CLANG_ENABLE_OBJC_ARC = YES;
				CLANG_ENABLE_OBJC_WEAK = YES;
				CLANG_WARN_BLOCK_CAPTURE_AUTORELEASING = YES;
				CLANG_WARN_BOOL_CONVERSION = YES;
				CLANG_WARN_COMMA = YES;
				CLANG_WARN_CONSTANT_CONVERSION = YES;
				CLANG_WARN_DEPRECATED_OBJC_IMPLEMENTATIONS = YES;
				CLANG_WARN_DIRECT_OBJC_ISA_USAGE = YES_ERROR;
				CLANG_WARN_DOCUMENTATION_COMMENTS = YES;
				CLANG_WARN_EMPTY_BODY = YES;
				CLANG_WARN_ENUM_CONVERSION = YES;
				CLANG_WARN_INFINITE_RECURSION = YES;
				CLANG_WARN_INT_CONVERSION = YES;
				CLANG_WARN_NON_LITERAL_NULL_CONVERSION = YES;
				CLANG_WARN_OBJC_IMPLICIT_RETAIN_SELF = YES;
				CLANG_WARN_OBJC_LITERAL_CONVERSION = YES;
				CLANG_WARN_OBJC_ROOT_CLASS = YES_ERROR;
				CLANG_WARN_RANGE_LOOP_ANALYSIS = YES;
				CLANG_WARN_STRICT_PROTOTYPES = YES;
				CLANG_WARN_SUSPICIOUS_MOVE = YES;
				CLANG_WARN_UNGUARDED_AVAILABILITY = YES_AGGRESSIVE;
				CLANG_WARN_UNREACHABLE_CODE = YES;
				CLANG_WARN__DUPLICATE_METHOD_MATCH = YES;
				COPY_PHASE_STRIP = NO;
				DEBUG_INFORMATION_FORMAT = "dwarf-with-dsym";
				ENABLE_NS_ASSERTIONS = NO;
				ENABLE_STRICT_OBJC_MSGSEND = YES;
				GCC_C_LANGUAGE_STANDARD = gnu11;
				GCC_NO_COMMON_BLOCKS = YES;
				GCC_WARN_64_TO_32_BIT_CONVERSION = YES;
				GCC_WARN_ABOUT_RETURN_TYPE = YES_ERROR;
				GCC_WARN_UNDECLARED_SELECTOR = YES;
				GCC_WARN_UNINITIALIZED_AUTOS = YES_AGGRESSIVE;
				GCC_WARN_UNUSED_FUNCTION = YES;
				GCC_WARN_UNUSED_VARIABLE = YES;
				IPHONEOS_DEPLOYMENT_TARGET = 13.6;
				MTL_ENABLE_DEBUG_INFO = NO;
				MTL_FAST_MATH = YES;
				SDKROOT = iphoneos;
				SWIFT_COMPILATION_MODE = wholemodule;
				SWIFT_OPTIMIZATION_LEVEL = "-O";
				VALIDATE_PRODUCT = YES;
			};
			name = Release;
		};
		439A046E2535057500A94A4A /* Debug */ = {
			isa = XCBuildConfiguration;
			baseConfigurationReference = A31BE2C4A09769316993F5EC /* Pods-Parstagram.debug.xcconfig */;
			buildSettings = {
				ASSETCATALOG_COMPILER_APPICON_NAME = AppIcon;
				CODE_SIGN_STYLE = Automatic;
				DEVELOPMENT_TEAM = 22U2RT3W7U;
				INFOPLIST_FILE = Parstagram/Info.plist;
				LD_RUNPATH_SEARCH_PATHS = (
					"$(inherited)",
					"@executable_path/Frameworks",
				);
				PRODUCT_BUNDLE_IDENTIFIER = nl15.Parstagram;
				PRODUCT_NAME = "$(TARGET_NAME)";
				SWIFT_VERSION = 5.0;
				TARGETED_DEVICE_FAMILY = "1,2";
			};
			name = Debug;
		};
		439A046F2535057500A94A4A /* Release */ = {
			isa = XCBuildConfiguration;
			baseConfigurationReference = 6250CD8617C9580365B14136 /* Pods-Parstagram.release.xcconfig */;
			buildSettings = {
				ASSETCATALOG_COMPILER_APPICON_NAME = AppIcon;
				CODE_SIGN_STYLE = Automatic;
				DEVELOPMENT_TEAM = 22U2RT3W7U;
				INFOPLIST_FILE = Parstagram/Info.plist;
				LD_RUNPATH_SEARCH_PATHS = (
					"$(inherited)",
					"@executable_path/Frameworks",
				);
				PRODUCT_BUNDLE_IDENTIFIER = nl15.Parstagram;
				PRODUCT_NAME = "$(TARGET_NAME)";
				SWIFT_VERSION = 5.0;
				TARGETED_DEVICE_FAMILY = "1,2";
			};
			name = Release;
		};
		439A04712535057500A94A4A /* Debug */ = {
			isa = XCBuildConfiguration;
			baseConfigurationReference = A3FB79ABB56B2E3B564E043C /* Pods-ParstagramTests.debug.xcconfig */;
			buildSettings = {
				ALWAYS_EMBED_SWIFT_STANDARD_LIBRARIES = YES;
				BUNDLE_LOADER = "$(TEST_HOST)";
				CODE_SIGN_STYLE = Automatic;
				DEVELOPMENT_TEAM = 22U2RT3W7U;
				INFOPLIST_FILE = ParstagramTests/Info.plist;
				IPHONEOS_DEPLOYMENT_TARGET = 13.6;
				LD_RUNPATH_SEARCH_PATHS = (
					"$(inherited)",
					"@executable_path/Frameworks",
					"@loader_path/Frameworks",
				);
				PRODUCT_BUNDLE_IDENTIFIER = nl15.ParstagramTests;
				PRODUCT_NAME = "$(TARGET_NAME)";
				SWIFT_VERSION = 5.0;
				TARGETED_DEVICE_FAMILY = "1,2";
				TEST_HOST = "$(BUILT_PRODUCTS_DIR)/Parstagram.app/Parstagram";
			};
			name = Debug;
		};
		439A04722535057500A94A4A /* Release */ = {
			isa = XCBuildConfiguration;
			baseConfigurationReference = 6DE41BE6735AB3821F1D7AF1 /* Pods-ParstagramTests.release.xcconfig */;
			buildSettings = {
				ALWAYS_EMBED_SWIFT_STANDARD_LIBRARIES = YES;
				BUNDLE_LOADER = "$(TEST_HOST)";
				CODE_SIGN_STYLE = Automatic;
				DEVELOPMENT_TEAM = 22U2RT3W7U;
				INFOPLIST_FILE = ParstagramTests/Info.plist;
				IPHONEOS_DEPLOYMENT_TARGET = 13.6;
				LD_RUNPATH_SEARCH_PATHS = (
					"$(inherited)",
					"@executable_path/Frameworks",
					"@loader_path/Frameworks",
				);
				PRODUCT_BUNDLE_IDENTIFIER = nl15.ParstagramTests;
				PRODUCT_NAME = "$(TARGET_NAME)";
				SWIFT_VERSION = 5.0;
				TARGETED_DEVICE_FAMILY = "1,2";
				TEST_HOST = "$(BUILT_PRODUCTS_DIR)/Parstagram.app/Parstagram";
			};
			name = Release;
		};
		439A04742535057500A94A4A /* Debug */ = {
			isa = XCBuildConfiguration;
			baseConfigurationReference = D94FBF182DCCB35C7B7F1098 /* Pods-Parstagram-ParstagramUITests.debug.xcconfig */;
			buildSettings = {
				ALWAYS_EMBED_SWIFT_STANDARD_LIBRARIES = YES;
				CODE_SIGN_STYLE = Automatic;
				DEVELOPMENT_TEAM = 22U2RT3W7U;
				INFOPLIST_FILE = ParstagramUITests/Info.plist;
				LD_RUNPATH_SEARCH_PATHS = (
					"$(inherited)",
					"@executable_path/Frameworks",
					"@loader_path/Frameworks",
				);
				PRODUCT_BUNDLE_IDENTIFIER = nl15.ParstagramUITests;
				PRODUCT_NAME = "$(TARGET_NAME)";
				SWIFT_VERSION = 5.0;
				TARGETED_DEVICE_FAMILY = "1,2";
				TEST_TARGET_NAME = Parstagram;
			};
			name = Debug;
		};
		439A04752535057500A94A4A /* Release */ = {
			isa = XCBuildConfiguration;
			baseConfigurationReference = 3CACBF8B95EFF7A1ED258BE3 /* Pods-Parstagram-ParstagramUITests.release.xcconfig */;
			buildSettings = {
				ALWAYS_EMBED_SWIFT_STANDARD_LIBRARIES = YES;
				CODE_SIGN_STYLE = Automatic;
				DEVELOPMENT_TEAM = 22U2RT3W7U;
				INFOPLIST_FILE = ParstagramUITests/Info.plist;
				LD_RUNPATH_SEARCH_PATHS = (
					"$(inherited)",
					"@executable_path/Frameworks",
					"@loader_path/Frameworks",
				);
				PRODUCT_BUNDLE_IDENTIFIER = nl15.ParstagramUITests;
				PRODUCT_NAME = "$(TARGET_NAME)";
				SWIFT_VERSION = 5.0;
				TARGETED_DEVICE_FAMILY = "1,2";
				TEST_TARGET_NAME = Parstagram;
			};
			name = Release;
		};
/* End XCBuildConfiguration section */

/* Begin XCConfigurationList section */
		439A043E2535056D00A94A4A /* Build configuration list for PBXProject "Parstagram" */ = {
			isa = XCConfigurationList;
			buildConfigurations = (
				439A046B2535057500A94A4A /* Debug */,
				439A046C2535057500A94A4A /* Release */,
			);
			defaultConfigurationIsVisible = 0;
			defaultConfigurationName = Release;
		};
		439A046D2535057500A94A4A /* Build configuration list for PBXNativeTarget "Parstagram" */ = {
			isa = XCConfigurationList;
			buildConfigurations = (
				439A046E2535057500A94A4A /* Debug */,
				439A046F2535057500A94A4A /* Release */,
			);
			defaultConfigurationIsVisible = 0;
			defaultConfigurationName = Release;
		};
		439A04702535057500A94A4A /* Build configuration list for PBXNativeTarget "ParstagramTests" */ = {
			isa = XCConfigurationList;
			buildConfigurations = (
				439A04712535057500A94A4A /* Debug */,
				439A04722535057500A94A4A /* Release */,
			);
			defaultConfigurationIsVisible = 0;
			defaultConfigurationName = Release;
		};
		439A04732535057500A94A4A /* Build configuration list for PBXNativeTarget "ParstagramUITests" */ = {
			isa = XCConfigurationList;
			buildConfigurations = (
				439A04742535057500A94A4A /* Debug */,
				439A04752535057500A94A4A /* Release */,
			);
			defaultConfigurationIsVisible = 0;
			defaultConfigurationName = Release;
		};
/* End XCConfigurationList section */
	};
	rootObject = 439A043B2535056D00A94A4A /* Project object */;
}
